// !$*UTF8*$!
{
	archiveVersion = 1;
	classes = {
	};
	objectVersion = 55;
	objects = {

/* Begin PBXBuildFile section */
		A54085F7EA325F57C297E072 /* Pods_MultiLogin.framework in Frameworks */ = {isa = PBXBuildFile; fileRef = 35424A80BB7EDB6AE7149B9A /* Pods_MultiLogin.framework */; };
		AC2E21262A28F4940076B37F /* GoogleSignIn in Frameworks */ = {isa = PBXBuildFile; productRef = AC2E21252A28F4940076B37F /* GoogleSignIn */; };
		AC85F2232A28E7A20008CFDE /* AppDelegate.swift in Sources */ = {isa = PBXBuildFile; fileRef = AC85F2222A28E7A20008CFDE /* AppDelegate.swift */; };
		AC85F2252A28E7A20008CFDE /* SceneDelegate.swift in Sources */ = {isa = PBXBuildFile; fileRef = AC85F2242A28E7A20008CFDE /* SceneDelegate.swift */; };
		AC85F2272A28E7A20008CFDE /* ViewController.swift in Sources */ = {isa = PBXBuildFile; fileRef = AC85F2262A28E7A20008CFDE /* ViewController.swift */; };
		AC85F22C2A28E7A20008CFDE /* Assets.xcassets in Resources */ = {isa = PBXBuildFile; fileRef = AC85F22B2A28E7A20008CFDE /* Assets.xcassets */; };
		AC85F22F2A28E7A20008CFDE /* LaunchScreen.storyboard in Resources */ = {isa = PBXBuildFile; fileRef = AC85F22D2A28E7A20008CFDE /* LaunchScreen.storyboard */; };
		AC85F23F2A28E8AF0008CFDE /* GoogleService-Info.plist in Resources */ = {isa = PBXBuildFile; fileRef = AC85F23E2A28E8AF0008CFDE /* GoogleService-Info.plist */; };
/* End PBXBuildFile section */

/* Begin PBXFileReference section */
		34F5CEC285665EE8BFC6B1AC /* Pods-MultiLogin.release.xcconfig */ = {isa = PBXFileReference; includeInIndex = 1; lastKnownFileType = text.xcconfig; name = "Pods-MultiLogin.release.xcconfig"; path = "Target Support Files/Pods-MultiLogin/Pods-MultiLogin.release.xcconfig"; sourceTree = "<group>"; };
		35424A80BB7EDB6AE7149B9A /* Pods_MultiLogin.framework */ = {isa = PBXFileReference; explicitFileType = wrapper.framework; includeInIndex = 0; path = Pods_MultiLogin.framework; sourceTree = BUILT_PRODUCTS_DIR; };
		7A0284C86F1536318DA4D427 /* Pods-MultiLogin.debug.xcconfig */ = {isa = PBXFileReference; includeInIndex = 1; lastKnownFileType = text.xcconfig; name = "Pods-MultiLogin.debug.xcconfig"; path = "Target Support Files/Pods-MultiLogin/Pods-MultiLogin.debug.xcconfig"; sourceTree = "<group>"; };
		AC85F21F2A28E7A20008CFDE /* MultiLogin.app */ = {isa = PBXFileReference; explicitFileType = wrapper.application; includeInIndex = 0; path = MultiLogin.app; sourceTree = BUILT_PRODUCTS_DIR; };
		AC85F2222A28E7A20008CFDE /* AppDelegate.swift */ = {isa = PBXFileReference; lastKnownFileType = sourcecode.swift; path = AppDelegate.swift; sourceTree = "<group>"; };
		AC85F2242A28E7A20008CFDE /* SceneDelegate.swift */ = {isa = PBXFileReference; lastKnownFileType = sourcecode.swift; path = SceneDelegate.swift; sourceTree = "<group>"; };
		AC85F2262A28E7A20008CFDE /* ViewController.swift */ = {isa = PBXFileReference; lastKnownFileType = sourcecode.swift; path = ViewController.swift; sourceTree = "<group>"; };
		AC85F22B2A28E7A20008CFDE /* Assets.xcassets */ = {isa = PBXFileReference; lastKnownFileType = folder.assetcatalog; path = Assets.xcassets; sourceTree = "<group>"; };
		AC85F22E2A28E7A20008CFDE /* Base */ = {isa = PBXFileReference; lastKnownFileType = file.storyboard; name = Base; path = Base.lproj/LaunchScreen.storyboard; sourceTree = "<group>"; };
		AC85F2302A28E7A20008CFDE /* Info.plist */ = {isa = PBXFileReference; lastKnownFileType = text.plist.xml; path = Info.plist; sourceTree = "<group>"; };
		AC85F23E2A28E8AF0008CFDE /* GoogleService-Info.plist */ = {isa = PBXFileReference; fileEncoding = 4; lastKnownFileType = text.plist.xml; path = "GoogleService-Info.plist"; sourceTree = "<group>"; };
/* End PBXFileReference section */

/* Begin PBXFrameworksBuildPhase section */
		AC85F21C2A28E7A20008CFDE /* Frameworks */ = {
			isa = PBXFrameworksBuildPhase;
			buildActionMask = 2147483647;
			files = (
				A54085F7EA325F57C297E072 /* Pods_MultiLogin.framework in Frameworks */,
				AC2E21262A28F4940076B37F /* GoogleSignIn in Frameworks */,
			);
			runOnlyForDeploymentPostprocessing = 0;
		};
/* End PBXFrameworksBuildPhase section */

/* Begin PBXGroup section */
		72AA421056F2436505398C95 /* Pods */ = {
			isa = PBXGroup;
			children = (
				7A0284C86F1536318DA4D427 /* Pods-MultiLogin.debug.xcconfig */,
				34F5CEC285665EE8BFC6B1AC /* Pods-MultiLogin.release.xcconfig */,
			);
			path = Pods;
			sourceTree = "<group>";
		};
		AC85F2162A28E7A20008CFDE = {
			isa = PBXGroup;
			children = (
				AC85F2212A28E7A20008CFDE /* MultiLogin */,
				AC85F2202A28E7A20008CFDE /* Products */,
				72AA421056F2436505398C95 /* Pods */,
				F19618E6825EBBB4E82844A4 /* Frameworks */,
			);
			sourceTree = "<group>";
		};
		AC85F2202A28E7A20008CFDE /* Products */ = {
			isa = PBXGroup;
			children = (
				AC85F21F2A28E7A20008CFDE /* MultiLogin.app */,
			);
			name = Products;
			sourceTree = "<group>";
		};
		AC85F2212A28E7A20008CFDE /* MultiLogin */ = {
			isa = PBXGroup;
			children = (
				AC85F2222A28E7A20008CFDE /* AppDelegate.swift */,
				AC85F2242A28E7A20008CFDE /* SceneDelegate.swift */,
				AC85F2262A28E7A20008CFDE /* ViewController.swift */,
				AC85F23E2A28E8AF0008CFDE /* GoogleService-Info.plist */,
				AC85F22B2A28E7A20008CFDE /* Assets.xcassets */,
				AC85F22D2A28E7A20008CFDE /* LaunchScreen.storyboard */,
				AC85F2302A28E7A20008CFDE /* Info.plist */,
			);
			path = MultiLogin;
			sourceTree = "<group>";
		};
		F19618E6825EBBB4E82844A4 /* Frameworks */ = {
			isa = PBXGroup;
			children = (
				35424A80BB7EDB6AE7149B9A /* Pods_MultiLogin.framework */,
			);
			name = Frameworks;
			sourceTree = "<group>";
		};
/* End PBXGroup section */

/* Begin PBXNativeTarget section */
		AC85F21E2A28E7A20008CFDE /* MultiLogin */ = {
			isa = PBXNativeTarget;
			buildConfigurationList = AC85F2332A28E7A20008CFDE /* Build configuration list for PBXNativeTarget "MultiLogin" */;
			buildPhases = (
				8B0ACB39B2B5027CC6FED559 /* [CP] Check Pods Manifest.lock */,
				AC85F21B2A28E7A20008CFDE /* Sources */,
				AC85F21C2A28E7A20008CFDE /* Frameworks */,
				AC85F21D2A28E7A20008CFDE /* Resources */,
				82CA707E005EE9D564B27373 /* [CP] Embed Pods Frameworks */,
			);
			buildRules = (
			);
			dependencies = (
			);
			name = MultiLogin;
			packageProductDependencies = (
				AC2E21252A28F4940076B37F /* GoogleSignIn */,
			);
			productName = MultiLogin;
			productReference = AC85F21F2A28E7A20008CFDE /* MultiLogin.app */;
			productType = "com.apple.product-type.application";
		};
/* End PBXNativeTarget section */

/* Begin PBXProject section */
		AC85F2172A28E7A20008CFDE /* Project object */ = {
			isa = PBXProject;
			attributes = {
				BuildIndependentTargetsInParallel = 1;
				LastSwiftUpdateCheck = 1430;
				LastUpgradeCheck = 1430;
				TargetAttributes = {
					AC85F21E2A28E7A20008CFDE = {
						CreatedOnToolsVersion = 14.3;
					};
				};
			};
			buildConfigurationList = AC85F21A2A28E7A20008CFDE /* Build configuration list for PBXProject "MultiLogin" */;
			compatibilityVersion = "Xcode 13.0";
			developmentRegion = en;
			hasScannedForEncodings = 0;
			knownRegions = (
				en,
				Base,
			);
			mainGroup = AC85F2162A28E7A20008CFDE;
			packageReferences = (
				AC2E21242A28F4940076B37F /* XCRemoteSwiftPackageReference "GoogleSignIn-iOS" */,
			);
			productRefGroup = AC85F2202A28E7A20008CFDE /* Products */;
			projectDirPath = "";
			projectRoot = "";
			targets = (
				AC85F21E2A28E7A20008CFDE /* MultiLogin */,
			);
		};
/* End PBXProject section */

/* Begin PBXResourcesBuildPhase section */
		AC85F21D2A28E7A20008CFDE /* Resources */ = {
			isa = PBXResourcesBuildPhase;
			buildActionMask = 2147483647;
			files = (
				AC85F22F2A28E7A20008CFDE /* LaunchScreen.storyboard in Resources */,
				AC85F23F2A28E8AF0008CFDE /* GoogleService-Info.plist in Resources */,
				AC85F22C2A28E7A20008CFDE /* Assets.xcassets in Resources */,
			);
			runOnlyForDeploymentPostprocessing = 0;
		};
/* End PBXResourcesBuildPhase section */

/* Begin PBXShellScriptBuildPhase section */
		82CA707E005EE9D564B27373 /* [CP] Embed Pods Frameworks */ = {
			isa = PBXShellScriptBuildPhase;
			buildActionMask = 2147483647;
			files = (
			);
			inputFileListPaths = (
				"${PODS_ROOT}/Target Support Files/Pods-MultiLogin/Pods-MultiLogin-frameworks-${CONFIGURATION}-input-files.xcfilelist",
			);
			name = "[CP] Embed Pods Frameworks";
			outputFileListPaths = (
				"${PODS_ROOT}/Target Support Files/Pods-MultiLogin/Pods-MultiLogin-frameworks-${CONFIGURATION}-output-files.xcfilelist",
			);
			runOnlyForDeploymentPostprocessing = 0;
			shellPath = /bin/sh;
			shellScript = "\"${PODS_ROOT}/Target Support Files/Pods-MultiLogin/Pods-MultiLogin-frameworks.sh\"\n";
			showEnvVarsInLog = 0;
		};
		8B0ACB39B2B5027CC6FED559 /* [CP] Check Pods Manifest.lock */ = {
			isa = PBXShellScriptBuildPhase;
			buildActionMask = 2147483647;
			files = (
			);
			inputFileListPaths = (
			);
			inputPaths = (
				"${PODS_PODFILE_DIR_PATH}/Podfile.lock",
				"${PODS_ROOT}/Manifest.lock",
			);
			name = "[CP] Check Pods Manifest.lock";
			outputFileListPaths = (
			);
			outputPaths = (
				"$(DERIVED_FILE_DIR)/Pods-MultiLogin-checkManifestLockResult.txt",
			);
			runOnlyForDeploymentPostprocessing = 0;
			shellPath = /bin/sh;
			shellScript = "diff \"${PODS_PODFILE_DIR_PATH}/Podfile.lock\" \"${PODS_ROOT}/Manifest.lock\" > /dev/null\nif [ $? != 0 ] ; then\n    # print error to STDERR\n    echo \"error: The sandbox is not in sync with the Podfile.lock. Run 'pod install' or update your CocoaPods installation.\" >&2\n    exit 1\nfi\n# This output is used by Xcode 'outputs' to avoid re-running this script phase.\necho \"SUCCESS\" > \"${SCRIPT_OUTPUT_FILE_0}\"\n";
			showEnvVarsInLog = 0;
		};
/* End PBXShellScriptBuildPhase section */

/* Begin PBXSourcesBuildPhase section */
		AC85F21B2A28E7A20008CFDE /* Sources */ = {
			isa = PBXSourcesBuildPhase;
			buildActionMask = 2147483647;
			files = (
				AC85F2272A28E7A20008CFDE /* ViewController.swift in Sources */,
				AC85F2232A28E7A20008CFDE /* AppDelegate.swift in Sources */,
				AC85F2252A28E7A20008CFDE /* SceneDelegate.swift in Sources */,
			);
			runOnlyForDeploymentPostprocessing = 0;
		};
/* End PBXSourcesBuildPhase section */

/* Begin PBXVariantGroup section */
		AC85F22D2A28E7A20008CFDE /* LaunchScreen.storyboard */ = {
			isa = PBXVariantGroup;
			children = (
				AC85F22E2A28E7A20008CFDE /* Base */,
			);
			name = LaunchScreen.storyboard;
			sourceTree = "<group>";
		};
/* End PBXVariantGroup section */

/* Begin XCBuildConfiguration section */
		AC85F2312A28E7A20008CFDE /* Debug */ = {
			isa = XCBuildConfiguration;
			buildSettings = {
				ALWAYS_SEARCH_USER_PATHS = NO;
				CLANG_ANALYZER_NONNULL = YES;
				CLANG_ANALYZER_NUMBER_OBJECT_CONVERSION = YES_AGGRESSIVE;
				CLANG_CXX_LANGUAGE_STANDARD = "gnu++20";
				CLANG_ENABLE_MODULES = YES;
				CLANG_ENABLE_OBJC_ARC = YES;
				CLANG_ENABLE_OBJC_WEAK = YES;
				CLANG_WARN_BLOCK_CAPTURE_AUTORELEASING = YES;
				CLANG_WARN_BOOL_CONVERSION = YES;
				CLANG_WARN_COMMA = YES;
				CLANG_WARN_CONSTANT_CONVERSION = YES;
				CLANG_WARN_DEPRECATED_OBJC_IMPLEMENTATIONS = YES;
				CLANG_WARN_DIRECT_OBJC_ISA_USAGE = YES_ERROR;
				CLANG_WARN_DOCUMENTATION_COMMENTS = YES;
				CLANG_WARN_EMPTY_BODY = YES;
				CLANG_WARN_ENUM_CONVERSION = YES;
				CLANG_WARN_INFINITE_RECURSION = YES;
				CLANG_WARN_INT_CONVERSION = YES;
				CLANG_WARN_NON_LITERAL_NULL_CONVERSION = YES;
				CLANG_WARN_OBJC_IMPLICIT_RETAIN_SELF = YES;
				CLANG_WARN_OBJC_LITERAL_CONVERSION = YES;
				CLANG_WARN_OBJC_ROOT_CLASS = YES_ERROR;
				CLANG_WARN_QUOTED_INCLUDE_IN_FRAMEWORK_HEADER = YES;
				CLANG_WARN_RANGE_LOOP_ANALYSIS = YES;
				CLANG_WARN_STRICT_PROTOTYPES = YES;
				CLANG_WARN_SUSPICIOUS_MOVE = YES;
				CLANG_WARN_UNGUARDED_AVAILABILITY = YES_AGGRESSIVE;
				CLANG_WARN_UNREACHABLE_CODE = YES;
				CLANG_WARN__DUPLICATE_METHOD_MATCH = YES;
				COPY_PHASE_STRIP = NO;
				DEBUG_INFORMATION_FORMAT = dwarf;
				ENABLE_STRICT_OBJC_MSGSEND = YES;
				ENABLE_TESTABILITY = YES;
				GCC_C_LANGUAGE_STANDARD = gnu11;
				GCC_DYNAMIC_NO_PIC = NO;
				GCC_NO_COMMON_BLOCKS = YES;
				GCC_OPTIMIZATION_LEVEL = 0;
				GCC_PREPROCESSOR_DEFINITIONS = (
					"DEBUG=1",
					"$(inherited)",
				);
				GCC_WARN_64_TO_32_BIT_CONVERSION = YES;
				GCC_WARN_ABOUT_RETURN_TYPE = YES_ERROR;
				GCC_WARN_UNDECLARED_SELECTOR = YES;
				GCC_WARN_UNINITIALIZED_AUTOS = YES_AGGRESSIVE;
				GCC_WARN_UNUSED_FUNCTION = YES;
				GCC_WARN_UNUSED_VARIABLE = YES;
				IPHONEOS_DEPLOYMENT_TARGET = 16.4;
				MTL_ENABLE_DEBUG_INFO = INCLUDE_SOURCE;
				MTL_FAST_MATH = YES;
				ONLY_ACTIVE_ARCH = YES;
				SDKROOT = iphoneos;
				SWIFT_ACTIVE_COMPILATION_CONDITIONS = DEBUG;
				SWIFT_OPTIMIZATION_LEVEL = "-Onone";
			};
			name = Debug;
		};
		AC85F2322A28E7A20008CFDE /* Release */ = {
			isa = XCBuildConfiguration;
			buildSettings = {
				ALWAYS_SEARCH_USER_PATHS = NO;
				CLANG_ANALYZER_NONNULL = YES;
				CLANG_ANALYZER_NUMBER_OBJECT_CONVERSION = YES_AGGRESSIVE;
				CLANG_CXX_LANGUAGE_STANDARD = "gnu++20";
				CLANG_ENABLE_MODULES = YES;
				CLANG_ENABLE_OBJC_ARC = YES;
				CLANG_ENABLE_OBJC_WEAK = YES;
				CLANG_WARN_BLOCK_CAPTURE_AUTORELEASING = YES;
				CLANG_WARN_BOOL_CONVERSION = YES;
				CLANG_WARN_COMMA = YES;
				CLANG_WARN_CONSTANT_CONVERSION = YES;
				CLANG_WARN_DEPRECATED_OBJC_IMPLEMENTATIONS = YES;
				CLANG_WARN_DIRECT_OBJC_ISA_USAGE = YES_ERROR;
				CLANG_WARN_DOCUMENTATION_COMMENTS = YES;
				CLANG_WARN_EMPTY_BODY = YES;
				CLANG_WARN_ENUM_CONVERSION = YES;
				CLANG_WARN_INFINITE_RECURSION = YES;
				CLANG_WARN_INT_CONVERSION = YES;
				CLANG_WARN_NON_LITERAL_NULL_CONVERSION = YES;
				CLANG_WARN_OBJC_IMPLICIT_RETAIN_SELF = YES;
				CLANG_WARN_OBJC_LITERAL_CONVERSION = YES;
				CLANG_WARN_OBJC_ROOT_CLASS = YES_ERROR;
				CLANG_WARN_QUOTED_INCLUDE_IN_FRAMEWORK_HEADER = YES;
				CLANG_WARN_RANGE_LOOP_ANALYSIS = YES;
				CLANG_WARN_STRICT_PROTOTYPES = YES;
				CLANG_WARN_SUSPICIOUS_MOVE = YES;
				CLANG_WARN_UNGUARDED_AVAILABILITY = YES_AGGRESSIVE;
				CLANG_WARN_UNREACHABLE_CODE = YES;
				CLANG_WARN__DUPLICATE_METHOD_MATCH = YES;
				COPY_PHASE_STRIP = NO;
				DEBUG_INFORMATION_FORMAT = "dwarf-with-dsym";
				ENABLE_NS_ASSERTIONS = NO;
				ENABLE_STRICT_OBJC_MSGSEND = YES;
				GCC_C_LANGUAGE_STANDARD = gnu11;
				GCC_NO_COMMON_BLOCKS = YES;
				GCC_WARN_64_TO_32_BIT_CONVERSION = YES;
				GCC_WARN_ABOUT_RETURN_TYPE = YES_ERROR;
				GCC_WARN_UNDECLARED_SELECTOR = YES;
				GCC_WARN_UNINITIALIZED_AUTOS = YES_AGGRESSIVE;
				GCC_WARN_UNUSED_FUNCTION = YES;
				GCC_WARN_UNUSED_VARIABLE = YES;
				IPHONEOS_DEPLOYMENT_TARGET = 16.4;
				MTL_ENABLE_DEBUG_INFO = NO;
				MTL_FAST_MATH = YES;
				SDKROOT = iphoneos;
				SWIFT_COMPILATION_MODE = wholemodule;
				SWIFT_OPTIMIZATION_LEVEL = "-O";
				VALIDATE_PRODUCT = YES;
			};
			name = Release;
		};
		AC85F2342A28E7A20008CFDE /* Debug */ = {
			isa = XCBuildConfiguration;
			baseConfigurationReference = 7A0284C86F1536318DA4D427 /* Pods-MultiLogin.debug.xcconfig */;
			buildSettings = {
				ASSETCATALOG_COMPILER_APPICON_NAME = AppIcon;
				ASSETCATALOG_COMPILER_GLOBAL_ACCENT_COLOR_NAME = AccentColor;
				CODE_SIGN_STYLE = Automatic;
				CURRENT_PROJECT_VERSION = 1;
				DEVELOPMENT_TEAM = 8N7YRTC92N;
				GENERATE_INFOPLIST_FILE = YES;
				INFOPLIST_FILE = MultiLogin/Info.plist;
				INFOPLIST_KEY_UIApplicationSupportsIndirectInputEvents = YES;
				INFOPLIST_KEY_UILaunchStoryboardName = LaunchScreen;
				INFOPLIST_KEY_UISupportedInterfaceOrientations_iPad = "UIInterfaceOrientationPortrait UIInterfaceOrientationPortraitUpsideDown UIInterfaceOrientationLandscapeLeft UIInterfaceOrientationLandscapeRight";
				INFOPLIST_KEY_UISupportedInterfaceOrientations_iPhone = "UIInterfaceOrientationPortrait UIInterfaceOrientationLandscapeLeft UIInterfaceOrientationLandscapeRight";
				LD_RUNPATH_SEARCH_PATHS = (
					"$(inherited)",
					"@executable_path/Frameworks",
				);
				MARKETING_VERSION = 1.0;
				PRODUCT_BUNDLE_IDENTIFIER = "dae-bong-ski.MultiLogin";
				PRODUCT_NAME = "$(TARGET_NAME)";
				SWIFT_EMIT_LOC_STRINGS = YES;
				SWIFT_VERSION = 5.0;
				TARGETED_DEVICE_FAMILY = "1,2";
			};
			name = Debug;
		};
		AC85F2352A28E7A20008CFDE /* Release */ = {
			isa = XCBuildConfiguration;
			baseConfigurationReference = 34F5CEC285665EE8BFC6B1AC /* Pods-MultiLogin.release.xcconfig */;
			buildSettings = {
				ASSETCATALOG_COMPILER_APPICON_NAME = AppIcon;
				ASSETCATALOG_COMPILER_GLOBAL_ACCENT_COLOR_NAME = AccentColor;
				CODE_SIGN_STYLE = Automatic;
				CURRENT_PROJECT_VERSION = 1;
				DEVELOPMENT_TEAM = 8N7YRTC92N;
				GENERATE_INFOPLIST_FILE = YES;
				INFOPLIST_FILE = MultiLogin/Info.plist;
				INFOPLIST_KEY_UIApplicationSupportsIndirectInputEvents = YES;
				INFOPLIST_KEY_UILaunchStoryboardName = LaunchScreen;
				INFOPLIST_KEY_UISupportedInterfaceOrientations_iPad = "UIInterfaceOrientationPortrait UIInterfaceOrientationPortraitUpsideDown UIInterfaceOrientationLandscapeLeft UIInterfaceOrientationLandscapeRight";
				INFOPLIST_KEY_UISupportedInterfaceOrientations_iPhone = "UIInterfaceOrientationPortrait UIInterfaceOrientationLandscapeLeft UIInterfaceOrientationLandscapeRight";
				LD_RUNPATH_SEARCH_PATHS = (
					"$(inherited)",
					"@executable_path/Frameworks",
				);
				MARKETING_VERSION = 1.0;
				PRODUCT_BUNDLE_IDENTIFIER = "dae-bong-ski.MultiLogin";
				PRODUCT_NAME = "$(TARGET_NAME)";
				SWIFT_EMIT_LOC_STRINGS = YES;
				SWIFT_VERSION = 5.0;
				TARGETED_DEVICE_FAMILY = "1,2";
			};
			name = Release;
		};
/* End XCBuildConfiguration section */

/* Begin XCConfigurationList section */
		AC85F21A2A28E7A20008CFDE /* Build configuration list for PBXProject "MultiLogin" */ = {
			isa = XCConfigurationList;
			buildConfigurations = (
				AC85F2312A28E7A20008CFDE /* Debug */,
				AC85F2322A28E7A20008CFDE /* Release */,
			);
			defaultConfigurationIsVisible = 0;
			defaultConfigurationName = Release;
		};
		AC85F2332A28E7A20008CFDE /* Build configuration list for PBXNativeTarget "MultiLogin" */ = {
			isa = XCConfigurationList;
			buildConfigurations = (
				AC85F2342A28E7A20008CFDE /* Debug */,
				AC85F2352A28E7A20008CFDE /* Release */,
			);
			defaultConfigurationIsVisible = 0;
			defaultConfigurationName = Release;
		};
/* End XCConfigurationList section */

/* Begin XCRemoteSwiftPackageReference section */
		AC2E21242A28F4940076B37F /* XCRemoteSwiftPackageReference "GoogleSignIn-iOS" */ = {
			isa = XCRemoteSwiftPackageReference;
			repositoryURL = "https://github.com/google/GoogleSignIn-iOS.git";
			requirement = {
				kind = exactVersion;
				version = 6.0.2;
			};
		};
/* End XCRemoteSwiftPackageReference section */

/* Begin XCSwiftPackageProductDependency section */
		AC2E21252A28F4940076B37F /* GoogleSignIn */ = {
			isa = XCSwiftPackageProductDependency;
			package = AC2E21242A28F4940076B37F /* XCRemoteSwiftPackageReference "GoogleSignIn-iOS" */;
			productName = GoogleSignIn;
		};
/* End XCSwiftPackageProductDependency section */
	};
	rootObject = AC85F2172A28E7A20008CFDE /* Project object */;
}
