// !$*UTF8*$!
{
	archiveVersion = 1;
	classes = {
	};
	objectVersion = 55;
	objects = {

/* Begin PBXBuildFile section */
		AC80A6A32A262D4F009C21D5 /* GoogleService-Info (2).plist in Resources */ = {isa = PBXBuildFile; fileRef = AC80A6A22A262D4F009C21D5 /* GoogleService-Info (2).plist */; };
		ACA5DE472A1B671100863358 /* AppDelegate.swift in Sources */ = {isa = PBXBuildFile; fileRef = ACA5DE462A1B671100863358 /* AppDelegate.swift */; };
		ACA5DE492A1B671100863358 /* SceneDelegate.swift in Sources */ = {isa = PBXBuildFile; fileRef = ACA5DE482A1B671100863358 /* SceneDelegate.swift */; };
		ACA5DE4B2A1B671100863358 /* ViewController.swift in Sources */ = {isa = PBXBuildFile; fileRef = ACA5DE4A2A1B671100863358 /* ViewController.swift */; };
		ACA5DE4E2A1B671100863358 /* Main.storyboard in Resources */ = {isa = PBXBuildFile; fileRef = ACA5DE4C2A1B671100863358 /* Main.storyboard */; };
		ACA5DE502A1B671200863358 /* Assets.xcassets in Resources */ = {isa = PBXBuildFile; fileRef = ACA5DE4F2A1B671200863358 /* Assets.xcassets */; };
		ACA5DE532A1B671200863358 /* LaunchScreen.storyboard in Resources */ = {isa = PBXBuildFile; fileRef = ACA5DE512A1B671200863358 /* LaunchScreen.storyboard */; };
		DEC8CD114A5487006CBE4750 /* Pods_ExLogin.framework in Frameworks */ = {isa = PBXBuildFile; fileRef = 593F6DBC85520329B294CF6F /* Pods_ExLogin.framework */; };
/* End PBXBuildFile section */

/* Begin PBXFileReference section */
		05D19CCE19F1BA0CEAB06010 /* Pods-ExLogin.debug.xcconfig */ = {isa = PBXFileReference; includeInIndex = 1; lastKnownFileType = text.xcconfig; name = "Pods-ExLogin.debug.xcconfig"; path = "Target Support Files/Pods-ExLogin/Pods-ExLogin.debug.xcconfig"; sourceTree = "<group>"; };
		593F6DBC85520329B294CF6F /* Pods_ExLogin.framework */ = {isa = PBXFileReference; explicitFileType = wrapper.framework; includeInIndex = 0; path = Pods_ExLogin.framework; sourceTree = BUILT_PRODUCTS_DIR; };
		83ECF74A984BEC833CF6A43F /* Pods-ExLogin.release.xcconfig */ = {isa = PBXFileReference; includeInIndex = 1; lastKnownFileType = text.xcconfig; name = "Pods-ExLogin.release.xcconfig"; path = "Target Support Files/Pods-ExLogin/Pods-ExLogin.release.xcconfig"; sourceTree = "<group>"; };
		AC80A6A22A262D4F009C21D5 /* GoogleService-Info (2).plist */ = {isa = PBXFileReference; fileEncoding = 4; lastKnownFileType = text.plist.xml; path = "GoogleService-Info (2).plist"; sourceTree = "<group>"; };
		ACA5DE432A1B671100863358 /* ExLogin.app */ = {isa = PBXFileReference; explicitFileType = wrapper.application; includeInIndex = 0; path = ExLogin.app; sourceTree = BUILT_PRODUCTS_DIR; };
		ACA5DE462A1B671100863358 /* AppDelegate.swift */ = {isa = PBXFileReference; lastKnownFileType = sourcecode.swift; path = AppDelegate.swift; sourceTree = "<group>"; };
		ACA5DE482A1B671100863358 /* SceneDelegate.swift */ = {isa = PBXFileReference; lastKnownFileType = sourcecode.swift; path = SceneDelegate.swift; sourceTree = "<group>"; };
		ACA5DE4A2A1B671100863358 /* ViewController.swift */ = {isa = PBXFileReference; lastKnownFileType = sourcecode.swift; path = ViewController.swift; sourceTree = "<group>"; };
		ACA5DE4D2A1B671100863358 /* Base */ = {isa = PBXFileReference; lastKnownFileType = file.storyboard; name = Base; path = Base.lproj/Main.storyboard; sourceTree = "<group>"; };
		ACA5DE4F2A1B671200863358 /* Assets.xcassets */ = {isa = PBXFileReference; lastKnownFileType = folder.assetcatalog; path = Assets.xcassets; sourceTree = "<group>"; };
		ACA5DE522A1B671200863358 /* Base */ = {isa = PBXFileReference; lastKnownFileType = file.storyboard; name = Base; path = Base.lproj/LaunchScreen.storyboard; sourceTree = "<group>"; };
		ACA5DE542A1B671200863358 /* Info.plist */ = {isa = PBXFileReference; lastKnownFileType = text.plist.xml; path = Info.plist; sourceTree = "<group>"; };
		ACA5DE5A2A1B672100863358 /* ExLogin.entitlements */ = {isa = PBXFileReference; lastKnownFileType = text.plist.entitlements; path = ExLogin.entitlements; sourceTree = "<group>"; };
/* End PBXFileReference section */

/* Begin PBXFrameworksBuildPhase section */
		ACA5DE402A1B671100863358 /* Frameworks */ = {
			isa = PBXFrameworksBuildPhase;
			buildActionMask = 2147483647;
			files = (
				DEC8CD114A5487006CBE4750 /* Pods_ExLogin.framework in Frameworks */,
			);
			runOnlyForDeploymentPostprocessing = 0;
		};
/* End PBXFrameworksBuildPhase section */

/* Begin PBXGroup section */
		0AFDFBCF9AC68F450EFBF6C0 /* Frameworks */ = {
			isa = PBXGroup;
			children = (
				593F6DBC85520329B294CF6F /* Pods_ExLogin.framework */,
			);
			name = Frameworks;
			sourceTree = "<group>";
		};
		ACA5DE3A2A1B671100863358 = {
			isa = PBXGroup;
			children = (
				ACA5DE452A1B671100863358 /* ExLogin */,
				ACA5DE442A1B671100863358 /* Products */,
				AF9AD7DD766F4370833BB0FD /* Pods */,
				0AFDFBCF9AC68F450EFBF6C0 /* Frameworks */,
			);
			sourceTree = "<group>";
		};
		ACA5DE442A1B671100863358 /* Products */ = {
			isa = PBXGroup;
			children = (
				ACA5DE432A1B671100863358 /* ExLogin.app */,
			);
			name = Products;
			sourceTree = "<group>";
		};
		ACA5DE452A1B671100863358 /* ExLogin */ = {
			isa = PBXGroup;
			children = (
				ACA5DE5A2A1B672100863358 /* ExLogin.entitlements */,
				ACA5DE462A1B671100863358 /* AppDelegate.swift */,
				ACA5DE482A1B671100863358 /* SceneDelegate.swift */,
				ACA5DE4A2A1B671100863358 /* ViewController.swift */,
				ACA5DE4C2A1B671100863358 /* Main.storyboard */,
				AC80A6A22A262D4F009C21D5 /* GoogleService-Info (2).plist */,
				ACA5DE4F2A1B671200863358 /* Assets.xcassets */,
				ACA5DE512A1B671200863358 /* LaunchScreen.storyboard */,
				ACA5DE542A1B671200863358 /* Info.plist */,
			);
			path = ExLogin;
			sourceTree = "<group>";
		};
		AF9AD7DD766F4370833BB0FD /* Pods */ = {
			isa = PBXGroup;
			children = (
				05D19CCE19F1BA0CEAB06010 /* Pods-ExLogin.debug.xcconfig */,
				83ECF74A984BEC833CF6A43F /* Pods-ExLogin.release.xcconfig */,
			);
			path = Pods;
			sourceTree = "<group>";
		};
/* End PBXGroup section */

/* Begin PBXNativeTarget section */
		ACA5DE422A1B671100863358 /* ExLogin */ = {
			isa = PBXNativeTarget;
			buildConfigurationList = ACA5DE572A1B671200863358 /* Build configuration list for PBXNativeTarget "ExLogin" */;
			buildPhases = (
				C4F7F210008D22CB4FBF5285 /* [CP] Check Pods Manifest.lock */,
				ACA5DE3F2A1B671100863358 /* Sources */,
				ACA5DE402A1B671100863358 /* Frameworks */,
				ACA5DE412A1B671100863358 /* Resources */,
				325A52E2BA3883F652496D53 /* [CP] Embed Pods Frameworks */,
				989D7F3D9C1F470611D524A3 /* [CP] Copy Pods Resources */,
			);
			buildRules = (
			);
			dependencies = (
			);
			name = ExLogin;
			productName = ExLogin;
			productReference = ACA5DE432A1B671100863358 /* ExLogin.app */;
			productType = "com.apple.product-type.application";
		};
/* End PBXNativeTarget section */

/* Begin PBXProject section */
		ACA5DE3B2A1B671100863358 /* Project object */ = {
			isa = PBXProject;
			attributes = {
				BuildIndependentTargetsInParallel = 1;
				LastSwiftUpdateCheck = 1430;
				LastUpgradeCheck = 1430;
				TargetAttributes = {
					ACA5DE422A1B671100863358 = {
						CreatedOnToolsVersion = 14.3;
					};
				};
			};
			buildConfigurationList = ACA5DE3E2A1B671100863358 /* Build configuration list for PBXProject "ExLogin" */;
			compatibilityVersion = "Xcode 13.0";
			developmentRegion = en;
			hasScannedForEncodings = 0;
			knownRegions = (
				en,
				Base,
			);
			mainGroup = ACA5DE3A2A1B671100863358;
			productRefGroup = ACA5DE442A1B671100863358 /* Products */;
			projectDirPath = "";
			projectRoot = "";
			targets = (
				ACA5DE422A1B671100863358 /* ExLogin */,
			);
		};
/* End PBXProject section */

/* Begin PBXResourcesBuildPhase section */
		ACA5DE412A1B671100863358 /* Resources */ = {
			isa = PBXResourcesBuildPhase;
			buildActionMask = 2147483647;
			files = (
				AC80A6A32A262D4F009C21D5 /* GoogleService-Info (2).plist in Resources */,
				ACA5DE532A1B671200863358 /* LaunchScreen.storyboard in Resources */,
				ACA5DE502A1B671200863358 /* Assets.xcassets in Resources */,
				ACA5DE4E2A1B671100863358 /* Main.storyboard in Resources */,
			);
			runOnlyForDeploymentPostprocessing = 0;
		};
/* End PBXResourcesBuildPhase section */

/* Begin PBXShellScriptBuildPhase section */
		325A52E2BA3883F652496D53 /* [CP] Embed Pods Frameworks */ = {
			isa = PBXShellScriptBuildPhase;
			buildActionMask = 2147483647;
			files = (
			);
			inputFileListPaths = (
				"${PODS_ROOT}/Target Support Files/Pods-ExLogin/Pods-ExLogin-frameworks-${CONFIGURATION}-input-files.xcfilelist",
			);
			name = "[CP] Embed Pods Frameworks";
			outputFileListPaths = (
				"${PODS_ROOT}/Target Support Files/Pods-ExLogin/Pods-ExLogin-frameworks-${CONFIGURATION}-output-files.xcfilelist",
			);
			runOnlyForDeploymentPostprocessing = 0;
			shellPath = /bin/sh;
			shellScript = "\"${PODS_ROOT}/Target Support Files/Pods-ExLogin/Pods-ExLogin-frameworks.sh\"\n";
			showEnvVarsInLog = 0;
		};
		989D7F3D9C1F470611D524A3 /* [CP] Copy Pods Resources */ = {
			isa = PBXShellScriptBuildPhase;
			buildActionMask = 2147483647;
			files = (
			);
			inputFileListPaths = (
				"${PODS_ROOT}/Target Support Files/Pods-ExLogin/Pods-ExLogin-resources-${CONFIGURATION}-input-files.xcfilelist",
			);
			name = "[CP] Copy Pods Resources";
			outputFileListPaths = (
				"${PODS_ROOT}/Target Support Files/Pods-ExLogin/Pods-ExLogin-resources-${CONFIGURATION}-output-files.xcfilelist",
			);
			runOnlyForDeploymentPostprocessing = 0;
			shellPath = /bin/sh;
			shellScript = "\"${PODS_ROOT}/Target Support Files/Pods-ExLogin/Pods-ExLogin-resources.sh\"\n";
			showEnvVarsInLog = 0;
		};
		C4F7F210008D22CB4FBF5285 /* [CP] Check Pods Manifest.lock */ = {
			isa = PBXShellScriptBuildPhase;
			buildActionMask = 2147483647;
			files = (
			);
			inputFileListPaths = (
			);
			inputPaths = (
				"${PODS_PODFILE_DIR_PATH}/Podfile.lock",
				"${PODS_ROOT}/Manifest.lock",
			);
			name = "[CP] Check Pods Manifest.lock";
			outputFileListPaths = (
			);
			outputPaths = (
				"$(DERIVED_FILE_DIR)/Pods-ExLogin-checkManifestLockResult.txt",
			);
			runOnlyForDeploymentPostprocessing = 0;
			shellPath = /bin/sh;
			shellScript = "diff \"${PODS_PODFILE_DIR_PATH}/Podfile.lock\" \"${PODS_ROOT}/Manifest.lock\" > /dev/null\nif [ $? != 0 ] ; then\n    # print error to STDERR\n    echo \"error: The sandbox is not in sync with the Podfile.lock. Run 'pod install' or update your CocoaPods installation.\" >&2\n    exit 1\nfi\n# This output is used by Xcode 'outputs' to avoid re-running this script phase.\necho \"SUCCESS\" > \"${SCRIPT_OUTPUT_FILE_0}\"\n";
			showEnvVarsInLog = 0;
		};
/* End PBXShellScriptBuildPhase section */

/* Begin PBXSourcesBuildPhase section */
		ACA5DE3F2A1B671100863358 /* Sources */ = {
			isa = PBXSourcesBuildPhase;
			buildActionMask = 2147483647;
			files = (
				ACA5DE4B2A1B671100863358 /* ViewController.swift in Sources */,
				ACA5DE472A1B671100863358 /* AppDelegate.swift in Sources */,
				ACA5DE492A1B671100863358 /* SceneDelegate.swift in Sources */,
			);
			runOnlyForDeploymentPostprocessing = 0;
		};
/* End PBXSourcesBuildPhase section */

/* Begin PBXVariantGroup section */
		ACA5DE4C2A1B671100863358 /* Main.storyboard */ = {
			isa = PBXVariantGroup;
			children = (
				ACA5DE4D2A1B671100863358 /* Base */,
			);
			name = Main.storyboard;
			sourceTree = "<group>";
		};
		ACA5DE512A1B671200863358 /* LaunchScreen.storyboard */ = {
			isa = PBXVariantGroup;
			children = (
				ACA5DE522A1B671200863358 /* Base */,
			);
			name = LaunchScreen.storyboard;
			sourceTree = "<group>";
		};
/* End PBXVariantGroup section */

/* Begin XCBuildConfiguration section */
		ACA5DE552A1B671200863358 /* Debug */ = {
			isa = XCBuildConfiguration;
			buildSettings = {
				ALWAYS_SEARCH_USER_PATHS = NO;
				CLANG_ANALYZER_NONNULL = YES;
				CLANG_ANALYZER_NUMBER_OBJECT_CONVERSION = YES_AGGRESSIVE;
				CLANG_CXX_LANGUAGE_STANDARD = "gnu++20";
				CLANG_ENABLE_MODULES = YES;
				CLANG_ENABLE_OBJC_ARC = YES;
				CLANG_ENABLE_OBJC_WEAK = YES;
				CLANG_WARN_BLOCK_CAPTURE_AUTORELEASING = YES;
				CLANG_WARN_BOOL_CONVERSION = YES;
				CLANG_WARN_COMMA = YES;
				CLANG_WARN_CONSTANT_CONVERSION = YES;
				CLANG_WARN_DEPRECATED_OBJC_IMPLEMENTATIONS = YES;
				CLANG_WARN_DIRECT_OBJC_ISA_USAGE = YES_ERROR;
				CLANG_WARN_DOCUMENTATION_COMMENTS = YES;
				CLANG_WARN_EMPTY_BODY = YES;
				CLANG_WARN_ENUM_CONVERSION = YES;
				CLANG_WARN_INFINITE_RECURSION = YES;
				CLANG_WARN_INT_CONVERSION = YES;
				CLANG_WARN_NON_LITERAL_NULL_CONVERSION = YES;
				CLANG_WARN_OBJC_IMPLICIT_RETAIN_SELF = YES;
				CLANG_WARN_OBJC_LITERAL_CONVERSION = YES;
				CLANG_WARN_OBJC_ROOT_CLASS = YES_ERROR;
				CLANG_WARN_QUOTED_INCLUDE_IN_FRAMEWORK_HEADER = YES;
				CLANG_WARN_RANGE_LOOP_ANALYSIS = YES;
				CLANG_WARN_STRICT_PROTOTYPES = YES;
				CLANG_WARN_SUSPICIOUS_MOVE = YES;
				CLANG_WARN_UNGUARDED_AVAILABILITY = YES_AGGRESSIVE;
				CLANG_WARN_UNREACHABLE_CODE = YES;
				CLANG_WARN__DUPLICATE_METHOD_MATCH = YES;
				COPY_PHASE_STRIP = NO;
				DEBUG_INFORMATION_FORMAT = dwarf;
				ENABLE_STRICT_OBJC_MSGSEND = YES;
				ENABLE_TESTABILITY = YES;
				GCC_C_LANGUAGE_STANDARD = gnu11;
				GCC_DYNAMIC_NO_PIC = NO;
				GCC_NO_COMMON_BLOCKS = YES;
				GCC_OPTIMIZATION_LEVEL = 0;
				GCC_PREPROCESSOR_DEFINITIONS = (
					"DEBUG=1",
					"$(inherited)",
				);
				GCC_WARN_64_TO_32_BIT_CONVERSION = YES;
				GCC_WARN_ABOUT_RETURN_TYPE = YES_ERROR;
				GCC_WARN_UNDECLARED_SELECTOR = YES;
				GCC_WARN_UNINITIALIZED_AUTOS = YES_AGGRESSIVE;
				GCC_WARN_UNUSED_FUNCTION = YES;
				GCC_WARN_UNUSED_VARIABLE = YES;
				IPHONEOS_DEPLOYMENT_TARGET = 16.4;
				MTL_ENABLE_DEBUG_INFO = INCLUDE_SOURCE;
				MTL_FAST_MATH = YES;
				ONLY_ACTIVE_ARCH = YES;
				SDKROOT = iphoneos;
				SWIFT_ACTIVE_COMPILATION_CONDITIONS = DEBUG;
				SWIFT_OPTIMIZATION_LEVEL = "-Onone";
			};
			name = Debug;
		};
		ACA5DE562A1B671200863358 /* Release */ = {
			isa = XCBuildConfiguration;
			buildSettings = {
				ALWAYS_SEARCH_USER_PATHS = NO;
				CLANG_ANALYZER_NONNULL = YES;
				CLANG_ANALYZER_NUMBER_OBJECT_CONVERSION = YES_AGGRESSIVE;
				CLANG_CXX_LANGUAGE_STANDARD = "gnu++20";
				CLANG_ENABLE_MODULES = YES;
				CLANG_ENABLE_OBJC_ARC = YES;
				CLANG_ENABLE_OBJC_WEAK = YES;
				CLANG_WARN_BLOCK_CAPTURE_AUTORELEASING = YES;
				CLANG_WARN_BOOL_CONVERSION = YES;
				CLANG_WARN_COMMA = YES;
				CLANG_WARN_CONSTANT_CONVERSION = YES;
				CLANG_WARN_DEPRECATED_OBJC_IMPLEMENTATIONS = YES;
				CLANG_WARN_DIRECT_OBJC_ISA_USAGE = YES_ERROR;
				CLANG_WARN_DOCUMENTATION_COMMENTS = YES;
				CLANG_WARN_EMPTY_BODY = YES;
				CLANG_WARN_ENUM_CONVERSION = YES;
				CLANG_WARN_INFINITE_RECURSION = YES;
				CLANG_WARN_INT_CONVERSION = YES;
				CLANG_WARN_NON_LITERAL_NULL_CONVERSION = YES;
				CLANG_WARN_OBJC_IMPLICIT_RETAIN_SELF = YES;
				CLANG_WARN_OBJC_LITERAL_CONVERSION = YES;
				CLANG_WARN_OBJC_ROOT_CLASS = YES_ERROR;
				CLANG_WARN_QUOTED_INCLUDE_IN_FRAMEWORK_HEADER = YES;
				CLANG_WARN_RANGE_LOOP_ANALYSIS = YES;
				CLANG_WARN_STRICT_PROTOTYPES = YES;
				CLANG_WARN_SUSPICIOUS_MOVE = YES;
				CLANG_WARN_UNGUARDED_AVAILABILITY = YES_AGGRESSIVE;
				CLANG_WARN_UNREACHABLE_CODE = YES;
				CLANG_WARN__DUPLICATE_METHOD_MATCH = YES;
				COPY_PHASE_STRIP = NO;
				DEBUG_INFORMATION_FORMAT = "dwarf-with-dsym";
				ENABLE_NS_ASSERTIONS = NO;
				ENABLE_STRICT_OBJC_MSGSEND = YES;
				GCC_C_LANGUAGE_STANDARD = gnu11;
				GCC_NO_COMMON_BLOCKS = YES;
				GCC_WARN_64_TO_32_BIT_CONVERSION = YES;
				GCC_WARN_ABOUT_RETURN_TYPE = YES_ERROR;
				GCC_WARN_UNDECLARED_SELECTOR = YES;
				GCC_WARN_UNINITIALIZED_AUTOS = YES_AGGRESSIVE;
				GCC_WARN_UNUSED_FUNCTION = YES;
				GCC_WARN_UNUSED_VARIABLE = YES;
				IPHONEOS_DEPLOYMENT_TARGET = 16.4;
				MTL_ENABLE_DEBUG_INFO = NO;
				MTL_FAST_MATH = YES;
				SDKROOT = iphoneos;
				SWIFT_COMPILATION_MODE = wholemodule;
				SWIFT_OPTIMIZATION_LEVEL = "-O";
				VALIDATE_PRODUCT = YES;
			};
			name = Release;
		};
		ACA5DE582A1B671200863358 /* Debug */ = {
			isa = XCBuildConfiguration;
			baseConfigurationReference = 05D19CCE19F1BA0CEAB06010 /* Pods-ExLogin.debug.xcconfig */;
			buildSettings = {
				ASSETCATALOG_COMPILER_APPICON_NAME = AppIcon;
				ASSETCATALOG_COMPILER_GLOBAL_ACCENT_COLOR_NAME = AccentColor;
				CODE_SIGN_ENTITLEMENTS = ExLogin/ExLogin.entitlements;
				CODE_SIGN_STYLE = Automatic;
				CURRENT_PROJECT_VERSION = 1;
				DEVELOPMENT_TEAM = 8N7YRTC92N;
				EXCLUDED_ARCHS = "";
				GENERATE_INFOPLIST_FILE = YES;
				INFOPLIST_FILE = ExLogin/Info.plist;
				INFOPLIST_KEY_UIApplicationSupportsIndirectInputEvents = YES;
				INFOPLIST_KEY_UILaunchStoryboardName = LaunchScreen;
				INFOPLIST_KEY_UIMainStoryboardFile = Main;
				INFOPLIST_KEY_UISupportedInterfaceOrientations_iPad = "UIInterfaceOrientationPortrait UIInterfaceOrientationPortraitUpsideDown UIInterfaceOrientationLandscapeLeft UIInterfaceOrientationLandscapeRight";
				INFOPLIST_KEY_UISupportedInterfaceOrientations_iPhone = "UIInterfaceOrientationPortrait UIInterfaceOrientationLandscapeLeft UIInterfaceOrientationLandscapeRight";
				LD_RUNPATH_SEARCH_PATHS = (
					"$(inherited)",
					"@executable_path/Frameworks",
				);
				MARKETING_VERSION = 1.0;
				PRODUCT_BUNDLE_IDENTIFIER = "dae-bong-ski.ExLogin";
				PRODUCT_NAME = "$(TARGET_NAME)";
				SWIFT_EMIT_LOC_STRINGS = YES;
				SWIFT_VERSION = 5.0;
				TARGETED_DEVICE_FAMILY = "1,2";
			};
			name = Debug;
		};
		ACA5DE592A1B671200863358 /* Release */ = {
			isa = XCBuildConfiguration;
			baseConfigurationReference = 83ECF74A984BEC833CF6A43F /* Pods-ExLogin.release.xcconfig */;
			buildSettings = {
				ASSETCATALOG_COMPILER_APPICON_NAME = AppIcon;
				ASSETCATALOG_COMPILER_GLOBAL_ACCENT_COLOR_NAME = AccentColor;
				CODE_SIGN_ENTITLEMENTS = ExLogin/ExLogin.entitlements;
				CODE_SIGN_STYLE = Automatic;
				CURRENT_PROJECT_VERSION = 1;
				DEVELOPMENT_TEAM = 8N7YRTC92N;
				GENERATE_INFOPLIST_FILE = YES;
				INFOPLIST_FILE = ExLogin/Info.plist;
				INFOPLIST_KEY_UIApplicationSupportsIndirectInputEvents = YES;
				INFOPLIST_KEY_UILaunchStoryboardName = LaunchScreen;
				INFOPLIST_KEY_UIMainStoryboardFile = Main;
				INFOPLIST_KEY_UISupportedInterfaceOrientations_iPad = "UIInterfaceOrientationPortrait UIInterfaceOrientationPortraitUpsideDown UIInterfaceOrientationLandscapeLeft UIInterfaceOrientationLandscapeRight";
				INFOPLIST_KEY_UISupportedInterfaceOrientations_iPhone = "UIInterfaceOrientationPortrait UIInterfaceOrientationLandscapeLeft UIInterfaceOrientationLandscapeRight";
				LD_RUNPATH_SEARCH_PATHS = (
					"$(inherited)",
					"@executable_path/Frameworks",
				);
				MARKETING_VERSION = 1.0;
				PRODUCT_BUNDLE_IDENTIFIER = "dae-bong-ski.ExLogin";
				PRODUCT_NAME = "$(TARGET_NAME)";
				SWIFT_EMIT_LOC_STRINGS = YES;
				SWIFT_VERSION = 5.0;
				TARGETED_DEVICE_FAMILY = "1,2";
			};
			name = Release;
		};
/* End XCBuildConfiguration section */

/* Begin XCConfigurationList section */
		ACA5DE3E2A1B671100863358 /* Build configuration list for PBXProject "ExLogin" */ = {
			isa = XCConfigurationList;
			buildConfigurations = (
				ACA5DE552A1B671200863358 /* Debug */,
				ACA5DE562A1B671200863358 /* Release */,
			);
			defaultConfigurationIsVisible = 0;
			defaultConfigurationName = Release;
		};
		ACA5DE572A1B671200863358 /* Build configuration list for PBXNativeTarget "ExLogin" */ = {
			isa = XCConfigurationList;
			buildConfigurations = (
				ACA5DE582A1B671200863358 /* Debug */,
				ACA5DE592A1B671200863358 /* Release */,
			);
			defaultConfigurationIsVisible = 0;
			defaultConfigurationName = Release;
		};
/* End XCConfigurationList section */
	};
	rootObject = ACA5DE3B2A1B671100863358 /* Project object */;
}
