// !$*UTF8*$!
{
	archiveVersion = 1;
	classes = {
	};
	objectVersion = 56;
	objects = {

/* Begin PBXBuildFile section */
		AC5557FB2A056A6A00545513 /* UMCIdeaApp.swift in Sources */ = {isa = PBXBuildFile; fileRef = AC5557FA2A056A6A00545513 /* UMCIdeaApp.swift */; };
		AC5557FD2A056A6A00545513 /* ContentView.swift in Sources */ = {isa = PBXBuildFile; fileRef = AC5557FC2A056A6A00545513 /* ContentView.swift */; };
		AC5557FF2A056A6A00545513 /* Assets.xcassets in Resources */ = {isa = PBXBuildFile; fileRef = AC5557FE2A056A6A00545513 /* Assets.xcassets */; };
		AC5558022A056A6A00545513 /* Preview Assets.xcassets in Resources */ = {isa = PBXBuildFile; fileRef = AC5558012A056A6A00545513 /* Preview Assets.xcassets */; };
		AC55580A2A056DB100545513 /* FirstPage.swift in Sources */ = {isa = PBXBuildFile; fileRef = AC5558092A056DB100545513 /* FirstPage.swift */; };
		AC55580C2A056DC700545513 /* SecondPage.swift in Sources */ = {isa = PBXBuildFile; fileRef = AC55580B2A056DC700545513 /* SecondPage.swift */; };
		AC55580E2A056DD300545513 /* ThirdPage.swift in Sources */ = {isa = PBXBuildFile; fileRef = AC55580D2A056DD300545513 /* ThirdPage.swift */; };
		AC5558122A0573F700545513 /* WebView.swift in Sources */ = {isa = PBXBuildFile; fileRef = AC5558112A0573F700545513 /* WebView.swift */; };
		AC5558142A057E1100545513 /* DetailView.swift in Sources */ = {isa = PBXBuildFile; fileRef = AC5558132A057E1100545513 /* DetailView.swift */; };
		AC5558162A05913F00545513 /* ImagePickerView.swift in Sources */ = {isa = PBXBuildFile; fileRef = AC5558152A05913F00545513 /* ImagePickerView.swift */; };
/* End PBXBuildFile section */

/* Begin PBXFileReference section */
		AC5557F72A056A6A00545513 /* UMCIdea.app */ = {isa = PBXFileReference; explicitFileType = wrapper.application; includeInIndex = 0; path = UMCIdea.app; sourceTree = BUILT_PRODUCTS_DIR; };
		AC5557FA2A056A6A00545513 /* UMCIdeaApp.swift */ = {isa = PBXFileReference; lastKnownFileType = sourcecode.swift; path = UMCIdeaApp.swift; sourceTree = "<group>"; };
		AC5557FC2A056A6A00545513 /* ContentView.swift */ = {isa = PBXFileReference; lastKnownFileType = sourcecode.swift; path = ContentView.swift; sourceTree = "<group>"; };
		AC5557FE2A056A6A00545513 /* Assets.xcassets */ = {isa = PBXFileReference; lastKnownFileType = folder.assetcatalog; path = Assets.xcassets; sourceTree = "<group>"; };
		AC5558012A056A6A00545513 /* Preview Assets.xcassets */ = {isa = PBXFileReference; lastKnownFileType = folder.assetcatalog; path = "Preview Assets.xcassets"; sourceTree = "<group>"; };
		AC5558092A056DB100545513 /* FirstPage.swift */ = {isa = PBXFileReference; lastKnownFileType = sourcecode.swift; path = FirstPage.swift; sourceTree = "<group>"; };
		AC55580B2A056DC700545513 /* SecondPage.swift */ = {isa = PBXFileReference; lastKnownFileType = sourcecode.swift; path = SecondPage.swift; sourceTree = "<group>"; };
		AC55580D2A056DD300545513 /* ThirdPage.swift */ = {isa = PBXFileReference; lastKnownFileType = sourcecode.swift; path = ThirdPage.swift; sourceTree = "<group>"; };
		AC5558112A0573F700545513 /* WebView.swift */ = {isa = PBXFileReference; lastKnownFileType = sourcecode.swift; path = WebView.swift; sourceTree = "<group>"; };
		AC5558132A057E1100545513 /* DetailView.swift */ = {isa = PBXFileReference; lastKnownFileType = sourcecode.swift; path = DetailView.swift; sourceTree = "<group>"; };
		AC5558152A05913F00545513 /* ImagePickerView.swift */ = {isa = PBXFileReference; lastKnownFileType = sourcecode.swift; path = ImagePickerView.swift; sourceTree = "<group>"; };
/* End PBXFileReference section */

/* Begin PBXFrameworksBuildPhase section */
		AC5557F42A056A6A00545513 /* Frameworks */ = {
			isa = PBXFrameworksBuildPhase;
			buildActionMask = 2147483647;
			files = (
			);
			runOnlyForDeploymentPostprocessing = 0;
		};
/* End PBXFrameworksBuildPhase section */

/* Begin PBXGroup section */
		AC5557EE2A056A6A00545513 = {
			isa = PBXGroup;
			children = (
				AC5557F92A056A6A00545513 /* UMCIdea */,
				AC5557F82A056A6A00545513 /* Products */,
			);
			sourceTree = "<group>";
		};
		AC5557F82A056A6A00545513 /* Products */ = {
			isa = PBXGroup;
			children = (
				AC5557F72A056A6A00545513 /* UMCIdea.app */,
			);
			name = Products;
			sourceTree = "<group>";
		};
		AC5557F92A056A6A00545513 /* UMCIdea */ = {
			isa = PBXGroup;
			children = (
				AC5557FA2A056A6A00545513 /* UMCIdeaApp.swift */,
				AC5557FC2A056A6A00545513 /* ContentView.swift */,
				AC5558152A05913F00545513 /* ImagePickerView.swift */,
				AC5558092A056DB100545513 /* FirstPage.swift */,
				AC5558132A057E1100545513 /* DetailView.swift */,
				AC5558112A0573F700545513 /* WebView.swift */,
				AC55580B2A056DC700545513 /* SecondPage.swift */,
				AC55580D2A056DD300545513 /* ThirdPage.swift */,
				AC5557FE2A056A6A00545513 /* Assets.xcassets */,
				AC5558002A056A6A00545513 /* Preview Content */,
			);
			path = UMCIdea;
			sourceTree = "<group>";
		};
		AC5558002A056A6A00545513 /* Preview Content */ = {
			isa = PBXGroup;
			children = (
				AC5558012A056A6A00545513 /* Preview Assets.xcassets */,
			);
			path = "Preview Content";
			sourceTree = "<group>";
		};
/* End PBXGroup section */

/* Begin PBXNativeTarget section */
		AC5557F62A056A6A00545513 /* UMCIdea */ = {
			isa = PBXNativeTarget;
			buildConfigurationList = AC5558052A056A6A00545513 /* Build configuration list for PBXNativeTarget "UMCIdea" */;
			buildPhases = (
				AC5557F32A056A6A00545513 /* Sources */,
				AC5557F42A056A6A00545513 /* Frameworks */,
				AC5557F52A056A6A00545513 /* Resources */,
			);
			buildRules = (
			);
			dependencies = (
			);
			name = UMCIdea;
			productName = UMCIdea;
			productReference = AC5557F72A056A6A00545513 /* UMCIdea.app */;
			productType = "com.apple.product-type.application";
		};
/* End PBXNativeTarget section */

/* Begin PBXProject section */
		AC5557EF2A056A6A00545513 /* Project object */ = {
			isa = PBXProject;
			attributes = {
				BuildIndependentTargetsInParallel = 1;
				LastSwiftUpdateCheck = 1430;
				LastUpgradeCheck = 1430;
				TargetAttributes = {
					AC5557F62A056A6A00545513 = {
						CreatedOnToolsVersion = 14.3;
					};
				};
			};
			buildConfigurationList = AC5557F22A056A6A00545513 /* Build configuration list for PBXProject "UMCIdea" */;
			compatibilityVersion = "Xcode 14.0";
			developmentRegion = en;
			hasScannedForEncodings = 0;
			knownRegions = (
				en,
				Base,
			);
			mainGroup = AC5557EE2A056A6A00545513;
			productRefGroup = AC5557F82A056A6A00545513 /* Products */;
			projectDirPath = "";
			projectRoot = "";
			targets = (
				AC5557F62A056A6A00545513 /* UMCIdea */,
			);
		};
/* End PBXProject section */

/* Begin PBXResourcesBuildPhase section */
		AC5557F52A056A6A00545513 /* Resources */ = {
			isa = PBXResourcesBuildPhase;
			buildActionMask = 2147483647;
			files = (
				AC5558022A056A6A00545513 /* Preview Assets.xcassets in Resources */,
				AC5557FF2A056A6A00545513 /* Assets.xcassets in Resources */,
			);
			runOnlyForDeploymentPostprocessing = 0;
		};
/* End PBXResourcesBuildPhase section */

/* Begin PBXSourcesBuildPhase section */
		AC5557F32A056A6A00545513 /* Sources */ = {
			isa = PBXSourcesBuildPhase;
			buildActionMask = 2147483647;
			files = (
				AC55580C2A056DC700545513 /* SecondPage.swift in Sources */,
				AC55580E2A056DD300545513 /* ThirdPage.swift in Sources */,
				AC5557FD2A056A6A00545513 /* ContentView.swift in Sources */,
				AC5558142A057E1100545513 /* DetailView.swift in Sources */,
				AC5558162A05913F00545513 /* ImagePickerView.swift in Sources */,
				AC5558122A0573F700545513 /* WebView.swift in Sources */,
				AC5557FB2A056A6A00545513 /* UMCIdeaApp.swift in Sources */,
				AC55580A2A056DB100545513 /* FirstPage.swift in Sources */,
			);
			runOnlyForDeploymentPostprocessing = 0;
		};
/* End PBXSourcesBuildPhase section */

/* Begin XCBuildConfiguration section */
		AC5558032A056A6A00545513 /* Debug */ = {
			isa = XCBuildConfiguration;
			buildSettings = {
				ALWAYS_SEARCH_USER_PATHS = NO;
				CLANG_ANALYZER_NONNULL = YES;
				CLANG_ANALYZER_NUMBER_OBJECT_CONVERSION = YES_AGGRESSIVE;
				CLANG_CXX_LANGUAGE_STANDARD = "gnu++20";
				CLANG_ENABLE_MODULES = YES;
				CLANG_ENABLE_OBJC_ARC = YES;
				CLANG_ENABLE_OBJC_WEAK = YES;
				CLANG_WARN_BLOCK_CAPTURE_AUTORELEASING = YES;
				CLANG_WARN_BOOL_CONVERSION = YES;
				CLANG_WARN_COMMA = YES;
				CLANG_WARN_CONSTANT_CONVERSION = YES;
				CLANG_WARN_DEPRECATED_OBJC_IMPLEMENTATIONS = YES;
				CLANG_WARN_DIRECT_OBJC_ISA_USAGE = YES_ERROR;
				CLANG_WARN_DOCUMENTATION_COMMENTS = YES;
				CLANG_WARN_EMPTY_BODY = YES;
				CLANG_WARN_ENUM_CONVERSION = YES;
				CLANG_WARN_INFINITE_RECURSION = YES;
				CLANG_WARN_INT_CONVERSION = YES;
				CLANG_WARN_NON_LITERAL_NULL_CONVERSION = YES;
				CLANG_WARN_OBJC_IMPLICIT_RETAIN_SELF = YES;
				CLANG_WARN_OBJC_LITERAL_CONVERSION = YES;
				CLANG_WARN_OBJC_ROOT_CLASS = YES_ERROR;
				CLANG_WARN_QUOTED_INCLUDE_IN_FRAMEWORK_HEADER = YES;
				CLANG_WARN_RANGE_LOOP_ANALYSIS = YES;
				CLANG_WARN_STRICT_PROTOTYPES = YES;
				CLANG_WARN_SUSPICIOUS_MOVE = YES;
				CLANG_WARN_UNGUARDED_AVAILABILITY = YES_AGGRESSIVE;
				CLANG_WARN_UNREACHABLE_CODE = YES;
				CLANG_WARN__DUPLICATE_METHOD_MATCH = YES;
				COPY_PHASE_STRIP = NO;
				DEBUG_INFORMATION_FORMAT = dwarf;
				ENABLE_STRICT_OBJC_MSGSEND = YES;
				ENABLE_TESTABILITY = YES;
				GCC_C_LANGUAGE_STANDARD = gnu11;
				GCC_DYNAMIC_NO_PIC = NO;
				GCC_NO_COMMON_BLOCKS = YES;
				GCC_OPTIMIZATION_LEVEL = 0;
				GCC_PREPROCESSOR_DEFINITIONS = (
					"DEBUG=1",
					"$(inherited)",
				);
				GCC_WARN_64_TO_32_BIT_CONVERSION = YES;
				GCC_WARN_ABOUT_RETURN_TYPE = YES_ERROR;
				GCC_WARN_UNDECLARED_SELECTOR = YES;
				GCC_WARN_UNINITIALIZED_AUTOS = YES_AGGRESSIVE;
				GCC_WARN_UNUSED_FUNCTION = YES;
				GCC_WARN_UNUSED_VARIABLE = YES;
				IPHONEOS_DEPLOYMENT_TARGET = 16.4;
				MTL_ENABLE_DEBUG_INFO = INCLUDE_SOURCE;
				MTL_FAST_MATH = YES;
				ONLY_ACTIVE_ARCH = YES;
				SDKROOT = iphoneos;
				SWIFT_ACTIVE_COMPILATION_CONDITIONS = DEBUG;
				SWIFT_OPTIMIZATION_LEVEL = "-Onone";
			};
			name = Debug;
		};
		AC5558042A056A6A00545513 /* Release */ = {
			isa = XCBuildConfiguration;
			buildSettings = {
				ALWAYS_SEARCH_USER_PATHS = NO;
				CLANG_ANALYZER_NONNULL = YES;
				CLANG_ANALYZER_NUMBER_OBJECT_CONVERSION = YES_AGGRESSIVE;
				CLANG_CXX_LANGUAGE_STANDARD = "gnu++20";
				CLANG_ENABLE_MODULES = YES;
				CLANG_ENABLE_OBJC_ARC = YES;
				CLANG_ENABLE_OBJC_WEAK = YES;
				CLANG_WARN_BLOCK_CAPTURE_AUTORELEASING = YES;
				CLANG_WARN_BOOL_CONVERSION = YES;
				CLANG_WARN_COMMA = YES;
				CLANG_WARN_CONSTANT_CONVERSION = YES;
				CLANG_WARN_DEPRECATED_OBJC_IMPLEMENTATIONS = YES;
				CLANG_WARN_DIRECT_OBJC_ISA_USAGE = YES_ERROR;
				CLANG_WARN_DOCUMENTATION_COMMENTS = YES;
				CLANG_WARN_EMPTY_BODY = YES;
				CLANG_WARN_ENUM_CONVERSION = YES;
				CLANG_WARN_INFINITE_RECURSION = YES;
				CLANG_WARN_INT_CONVERSION = YES;
				CLANG_WARN_NON_LITERAL_NULL_CONVERSION = YES;
				CLANG_WARN_OBJC_IMPLICIT_RETAIN_SELF = YES;
				CLANG_WARN_OBJC_LITERAL_CONVERSION = YES;
				CLANG_WARN_OBJC_ROOT_CLASS = YES_ERROR;
				CLANG_WARN_QUOTED_INCLUDE_IN_FRAMEWORK_HEADER = YES;
				CLANG_WARN_RANGE_LOOP_ANALYSIS = YES;
				CLANG_WARN_STRICT_PROTOTYPES = YES;
				CLANG_WARN_SUSPICIOUS_MOVE = YES;
				CLANG_WARN_UNGUARDED_AVAILABILITY = YES_AGGRESSIVE;
				CLANG_WARN_UNREACHABLE_CODE = YES;
				CLANG_WARN__DUPLICATE_METHOD_MATCH = YES;
				COPY_PHASE_STRIP = NO;
				DEBUG_INFORMATION_FORMAT = "dwarf-with-dsym";
				ENABLE_NS_ASSERTIONS = NO;
				ENABLE_STRICT_OBJC_MSGSEND = YES;
				GCC_C_LANGUAGE_STANDARD = gnu11;
				GCC_NO_COMMON_BLOCKS = YES;
				GCC_WARN_64_TO_32_BIT_CONVERSION = YES;
				GCC_WARN_ABOUT_RETURN_TYPE = YES_ERROR;
				GCC_WARN_UNDECLARED_SELECTOR = YES;
				GCC_WARN_UNINITIALIZED_AUTOS = YES_AGGRESSIVE;
				GCC_WARN_UNUSED_FUNCTION = YES;
				GCC_WARN_UNUSED_VARIABLE = YES;
				IPHONEOS_DEPLOYMENT_TARGET = 16.4;
				MTL_ENABLE_DEBUG_INFO = NO;
				MTL_FAST_MATH = YES;
				SDKROOT = iphoneos;
				SWIFT_COMPILATION_MODE = wholemodule;
				SWIFT_OPTIMIZATION_LEVEL = "-O";
				VALIDATE_PRODUCT = YES;
			};
			name = Release;
		};
		AC5558062A056A6A00545513 /* Debug */ = {
			isa = XCBuildConfiguration;
			buildSettings = {
				ASSETCATALOG_COMPILER_APPICON_NAME = AppIcon;
				ASSETCATALOG_COMPILER_GLOBAL_ACCENT_COLOR_NAME = AccentColor;
				CODE_SIGN_STYLE = Automatic;
				CURRENT_PROJECT_VERSION = 1;
				DEVELOPMENT_ASSET_PATHS = "\"UMCIdea/Preview Content\"";
				DEVELOPMENT_TEAM = 8N7YRTC92N;
				ENABLE_PREVIEWS = YES;
				GENERATE_INFOPLIST_FILE = YES;
				INFOPLIST_KEY_UIApplicationSceneManifest_Generation = YES;
				INFOPLIST_KEY_UIApplicationSupportsIndirectInputEvents = YES;
				INFOPLIST_KEY_UILaunchScreen_Generation = YES;
				INFOPLIST_KEY_UISupportedInterfaceOrientations_iPad = "UIInterfaceOrientationPortrait UIInterfaceOrientationPortraitUpsideDown UIInterfaceOrientationLandscapeLeft UIInterfaceOrientationLandscapeRight";
				INFOPLIST_KEY_UISupportedInterfaceOrientations_iPhone = "UIInterfaceOrientationPortrait UIInterfaceOrientationLandscapeLeft UIInterfaceOrientationLandscapeRight";
				LD_RUNPATH_SEARCH_PATHS = (
					"$(inherited)",
					"@executable_path/Frameworks",
				);
				MARKETING_VERSION = 1.0;
				PRODUCT_BUNDLE_IDENTIFIER = "dae-bong-ski.UMCIdea";
				PRODUCT_NAME = "$(TARGET_NAME)";
				SWIFT_EMIT_LOC_STRINGS = YES;
				SWIFT_VERSION = 5.0;
				TARGETED_DEVICE_FAMILY = "1,2";
			};
			name = Debug;
		};
		AC5558072A056A6A00545513 /* Release */ = {
			isa = XCBuildConfiguration;
			buildSettings = {
				ASSETCATALOG_COMPILER_APPICON_NAME = AppIcon;
				ASSETCATALOG_COMPILER_GLOBAL_ACCENT_COLOR_NAME = AccentColor;
				CODE_SIGN_STYLE = Automatic;
				CURRENT_PROJECT_VERSION = 1;
				DEVELOPMENT_ASSET_PATHS = "\"UMCIdea/Preview Content\"";
				DEVELOPMENT_TEAM = 8N7YRTC92N;
				ENABLE_PREVIEWS = YES;
				GENERATE_INFOPLIST_FILE = YES;
				INFOPLIST_KEY_UIApplicationSceneManifest_Generation = YES;
				INFOPLIST_KEY_UIApplicationSupportsIndirectInputEvents = YES;
				INFOPLIST_KEY_UILaunchScreen_Generation = YES;
				INFOPLIST_KEY_UISupportedInterfaceOrientations_iPad = "UIInterfaceOrientationPortrait UIInterfaceOrientationPortraitUpsideDown UIInterfaceOrientationLandscapeLeft UIInterfaceOrientationLandscapeRight";
				INFOPLIST_KEY_UISupportedInterfaceOrientations_iPhone = "UIInterfaceOrientationPortrait UIInterfaceOrientationLandscapeLeft UIInterfaceOrientationLandscapeRight";
				LD_RUNPATH_SEARCH_PATHS = (
					"$(inherited)",
					"@executable_path/Frameworks",
				);
				MARKETING_VERSION = 1.0;
				PRODUCT_BUNDLE_IDENTIFIER = "dae-bong-ski.UMCIdea";
				PRODUCT_NAME = "$(TARGET_NAME)";
				SWIFT_EMIT_LOC_STRINGS = YES;
				SWIFT_VERSION = 5.0;
				TARGETED_DEVICE_FAMILY = "1,2";
			};
			name = Release;
		};
/* End XCBuildConfiguration section */

/* Begin XCConfigurationList section */
		AC5557F22A056A6A00545513 /* Build configuration list for PBXProject "UMCIdea" */ = {
			isa = XCConfigurationList;
			buildConfigurations = (
				AC5558032A056A6A00545513 /* Debug */,
				AC5558042A056A6A00545513 /* Release */,
			);
			defaultConfigurationIsVisible = 0;
			defaultConfigurationName = Release;
		};
		AC5558052A056A6A00545513 /* Build configuration list for PBXNativeTarget "UMCIdea" */ = {
			isa = XCConfigurationList;
			buildConfigurations = (
				AC5558062A056A6A00545513 /* Debug */,
				AC5558072A056A6A00545513 /* Release */,
			);
			defaultConfigurationIsVisible = 0;
			defaultConfigurationName = Release;
		};
/* End XCConfigurationList section */
	};
	rootObject = AC5557EF2A056A6A00545513 /* Project object */;
}
